
Microsoft Visual Studio Solution File, Format Version 12.00
Project("{FAE04EC0-301F-11D3-BF4B-00C04F79EFBC}") = "ipt_project_cepbep", "ipt_project_cepbep\ipt_project_cepbep.csproj", "{FC709976-FCD3-4CD5-B6F1-CC0C1F343C94}"
EndProject
Global
	GlobalSection(SolutionConfigurationPlatforms) = preSolution
		Debug|Any CPU = Debug|Any CPU
		Release|Any CPU = Release|Any CPU
	EndGlobalSection
	GlobalSection(ProjectConfigurationPlatforms) = postSolution
		{FC709976-FCD3-4CD5-B6F1-CC0C1F343C94}.Debug|Any CPU.ActiveCfg = Debug|Any CPU
		{FC709976-FCD3-4CD5-B6F1-CC0C1F343C94}.Debug|Any CPU.Build.0 = Debug|Any CPU
		{FC709976-FCD3-4CD5-B6F1-CC0C1F343C94}.Release|Any CPU.ActiveCfg = Release|Any CPU
		{FC709976-FCD3-4CD5-B6F1-CC0C1F343C94}.Release|Any CPU.Build.0 = Release|Any CPU
	EndGlobalSection
EndGlobal
